#MicroXplorer Configuration settings
File.Version=6
Mcu.CPN=STM32F401RET6
Mcu.Family=STM32F4
Mcu.Name=STM32F401RETx
Mcu.Package=LQFP64
Mcu.UserName=STM32F401RETx
Mcu.Pin0=PA2
Mcu.Pin1=PA3
Mcu.Pin2=PA5
Mcu.Pin3=PA6
Mcu.Pin4=PA7
Mcu.Pin5=PB6
Mcu.Pin6=PB8
Mcu.Pin7=PB9
Mcu.Pin8=PC13
Mcu.Pin9=VP_SYS_VS_Systick
Mcu.PinsNb=10
PA2.Signal=USART2_TX
PA3.Signal=USART2_RX
PA5.Signal=SPI1_SCK
PA6.Signal=SPI1_MISO
PA7.Signal=SPI1_MOSI
PB6.GPIO_Label=MAX6675_CS
PB6.Signal=GPIO_Output
PB8.Signal=I2C1_SCL
PB9.Signal=I2C1_SDA
PC13.GPIO_Label=STATUS_LED
PC13.Signal=GPIO_Output
I2C1.ClockSpeed=100000
I2C1.AddressingMode=I2C_ADDRESSINGMODE_7BIT
I2C1.DualAddressMode=I2C_DUALADDRESS_DISABLE
I2C1.GeneralCallMode=I2C_GENERALCALL_DISABLE
I2C1.NoStretchMode=I2C_NOSTRETCH_DISABLE
SPI1.Mode=SPI_MODE_MASTER
SPI1.Direction=SPI_DIRECTION_2LINES
SPI1.DataSize=SPI_DATASIZE_8BIT
SPI1.CLKPolarity=SPI_POLARITY_LOW
SPI1.CLKPhase=SPI_PHASE_1EDGE
SPI1.NSS=SPI_NSS_SOFT
SPI1.BaudRatePrescaler=SPI_BAUDRATEPRESCALER_16
SPI1.FirstBit=SPI_FIRSTBIT_MSB
USART2.BaudRate=115200
USART2.WordLength=UART_WORDLENGTH_8B
USART2.StopBits=UART_STOPBITS_1
USART2.Parity=UART_PARITY_NONE
USART2.Mode=UART_MODE_TX_RX
RCC.HSE_VALUE=8000000
RCC.HSI_VALUE=16000000
VP_SYS_VS_Systick.Mode=SysTick
VP_SYS_VS_Systick.Signal=SYS_VS_Systick
